
Microsoft Visual Studio Solution File, Format Version 12.00
# Visual Studio Version 16
VisualStudioVersion = 16.0.30413.136
MinimumVisualStudioVersion = 10.0.40219.1
Project("{888888A0-9F3D-457C-B088-3A5042F75D52}") = "TkinterIvanov", "TkinterIvanov.pyproj", "{DE5B1754-53DC-4408-9AC1-DE30B748B38D}"
EndProject
Global
	GlobalSection(SolutionConfigurationPlatforms) = preSolution
		Debug|Any CPU = Debug|Any CPU
		Release|Any CPU = Release|Any CPU
	EndGlobalSection
	GlobalSection(ProjectConfigurationPlatforms) = postSolution
		{DE5B1754-53DC-4408-9AC1-DE30B748B38D}.Debug|Any CPU.ActiveCfg = Debug|Any CPU
		{DE5B1754-53DC-4408-9AC1-DE30B748B38D}.Release|Any CPU.ActiveCfg = Release|Any CPU
	EndGlobalSection
	GlobalSection(SolutionProperties) = preSolution
		HideSolutionNode = FALSE
	EndGlobalSection
	GlobalSection(ExtensibilityGlobals) = postSolution
		SolutionGuid = {576B10FF-A113-4C4A-9E69-A46D92DC0238}
	EndGlobalSection
EndGlobal
